// !$*UTF8*$!
{
	archiveVersion = 1;
	classes = {
	};
	objectVersion = 46;
	objects = {

/* Begin PBXBuildFile section */
		A1E605C81F16119B0068F15D /* AppDelegate.swift in Sources */ = {isa = PBXBuildFile; fileRef = A1E605C71F16119B0068F15D /* AppDelegate.swift */; };
		A1E605CA1F16119B0068F15D /* ViewController.swift in Sources */ = {isa = PBXBuildFile; fileRef = A1E605C91F16119B0068F15D /* ViewController.swift */; };
		A1E605CD1F16119B0068F15D /* Main.storyboard in Resources */ = {isa = PBXBuildFile; fileRef = A1E605CB1F16119B0068F15D /* Main.storyboard */; };
		A1E605CF1F16119B0068F15D /* Assets.xcassets in Resources */ = {isa = PBXBuildFile; fileRef = A1E605CE1F16119B0068F15D /* Assets.xcassets */; };
		A1E605D21F16119B0068F15D /* LaunchScreen.storyboard in Resources */ = {isa = PBXBuildFile; fileRef = A1E605D01F16119B0068F15D /* LaunchScreen.storyboard */; };
/* End PBXBuildFile section */

/* Begin PBXFileReference section */
		A1E605C41F16119B0068F15D /* podex-2.app */ = {isa = PBXFileReference; explicitFileType = wrapper.application; includeInIndex = 0; path = "podex-2.app"; sourceTree = BUILT_PRODUCTS_DIR; };
		A1E605C71F16119B0068F15D /* AppDelegate.swift */ = {isa = PBXFileReference; lastKnownFileType = sourcecode.swift; path = AppDelegate.swift; sourceTree = "<group>"; };
		A1E605C91F16119B0068F15D /* ViewController.swift */ = {isa = PBXFileReference; lastKnownFileType = sourcecode.swift; path = ViewController.swift; sourceTree = "<group>"; };
		A1E605CC1F16119B0068F15D /* Base */ = {isa = PBXFileReference; lastKnownFileType = file.storyboard; name = Base; path = Base.lproj/Main.storyboard; sourceTree = "<group>"; };
		A1E605CE1F16119B0068F15D /* Assets.xcassets */ = {isa = PBXFileReference; lastKnownFileType = folder.assetcatalog; path = Assets.xcassets; sourceTree = "<group>"; };
		A1E605D11F16119B0068F15D /* Base */ = {isa = PBXFileReference; lastKnownFileType = file.storyboard; name = Base; path = Base.lproj/LaunchScreen.storyboard; sourceTree = "<group>"; };
		A1E605D31F16119B0068F15D /* Info.plist */ = {isa = PBXFileReference; lastKnownFileType = text.plist.xml; path = Info.plist; sourceTree = "<group>"; };
/* End PBXFileReference section */

/* Begin PBXFrameworksBuildPhase section */
		A1E605C11F16119B0068F15D /* Frameworks */ = {
			isa = PBXFrameworksBuildPhase;
			buildActionMask = 2147483647;
			files = (
			);
			runOnlyForDeploymentPostprocessing = 0;
		};
/* End PBXFrameworksBuildPhase section */

/* Begin PBXGroup section */
		A1E605BB1F16119B0068F15D = {
			isa = PBXGroup;
			children = (
				A1E605C61F16119B0068F15D /* podex-2 */,
				A1E605C51F16119B0068F15D /* Products */,
			);
			sourceTree = "<group>";
		};
		A1E605C51F16119B0068F15D /* Products */ = {
			isa = PBXGroup;
			children = (
				A1E605C41F16119B0068F15D /* podex-2.app */,
			);
			name = Products;
			sourceTree = "<group>";
		};
		A1E605C61F16119B0068F15D /* podex-2 */ = {
			isa = PBXGroup;
			children = (
				A1E605C71F16119B0068F15D /* AppDelegate.swift */,
				A1E605C91F16119B0068F15D /* ViewController.swift */,
				A1E605CB1F16119B0068F15D /* Main.storyboard */,
				A1E605CE1F16119B0068F15D /* Assets.xcassets */,
				A1E605D01F16119B0068F15D /* LaunchScreen.storyboard */,
				A1E605D31F16119B0068F15D /* Info.plist */,
			);
			path = "podex-2";
			sourceTree = "<group>";
		};
/* End PBXGroup section */

/* Begin PBXNativeTarget section */
		A1E605C31F16119B0068F15D /* podex-2 */ = {
			isa = PBXNativeTarget;
			buildConfigurationList = A1E605D61F16119B0068F15D /* Build configuration list for PBXNativeTarget "podex-2" */;
			buildPhases = (
				A1E605C01F16119B0068F15D /* Sources */,
				A1E605C11F16119B0068F15D /* Frameworks */,
				A1E605C21F16119B0068F15D /* Resources */,
			);
			buildRules = (
			);
			dependencies = (
			);
			name = "podex-2";
			productName = "podex-2";
			productReference = A1E605C41F16119B0068F15D /* podex-2.app */;
			productType = "com.apple.product-type.application";
		};
/* End PBXNativeTarget section */

/* Begin PBXProject section */
		A1E605BC1F16119B0068F15D /* Project object */ = {
			isa = PBXProject;
			attributes = {
				LastSwiftUpdateCheck = 0830;
				LastUpgradeCheck = 0830;
				ORGANIZATIONNAME = "Hadi Asiaie";
				TargetAttributes = {
					A1E605C31F16119B0068F15D = {
						CreatedOnToolsVersion = 8.3.3;
						DevelopmentTeam = Q3MD326N5P;
						ProvisioningStyle = Automatic;
					};
				};
			};
			buildConfigurationList = A1E605BF1F16119B0068F15D /* Build configuration list for PBXProject "podex-2" */;
			compatibilityVersion = "Xcode 3.2";
			developmentRegion = English;
			hasScannedForEncodings = 0;
			knownRegions = (
				en,
				Base,
			);
			mainGroup = A1E605BB1F16119B0068F15D;
			productRefGroup = A1E605C51F16119B0068F15D /* Products */;
			projectDirPath = "";
			projectRoot = "";
			targets = (
				A1E605C31F16119B0068F15D /* podex-2 */,
			);
		};
/* End PBXProject section */

/* Begin PBXResourcesBuildPhase section */
		A1E605C21F16119B0068F15D /* Resources */ = {
			isa = PBXResourcesBuildPhase;
			buildActionMask = 2147483647;
			files = (
				A1E605D21F16119B0068F15D /* LaunchScreen.storyboard in Resources */,
				A1E605CF1F16119B0068F15D /* Assets.xcassets in Resources */,
				A1E605CD1F16119B0068F15D /* Main.storyboard in Resources */,
			);
			runOnlyForDeploymentPostprocessing = 0;
		};
/* End PBXResourcesBuildPhase section */

/* Begin PBXSourcesBuildPhase section */
		A1E605C01F16119B0068F15D /* Sources */ = {
			isa = PBXSourcesBuildPhase;
			buildActionMask = 2147483647;
			files = (
				A1E605CA1F16119B0068F15D /* ViewController.swift in Sources */,
				A1E605C81F16119B0068F15D /* AppDelegate.swift in Sources */,
			);
			runOnlyForDeploymentPostprocessing = 0;
		};
/* End PBXSourcesBuildPhase section */

/* Begin PBXVariantGroup section */
		A1E605CB1F16119B0068F15D /* Main.storyboard */ = {
			isa = PBXVariantGroup;
			children = (
				A1E605CC1F16119B0068F15D /* Base */,
			);
			name = Main.storyboard;
			sourceTree = "<group>";
		};
		A1E605D01F16119B0068F15D /* LaunchScreen.storyboard */ = {
			isa = PBXVariantGroup;
			children = (
				A1E605D11F16119B0068F15D /* Base */,
			);
			name = LaunchScreen.storyboard;
			sourceTree = "<group>";
		};
/* End PBXVariantGroup section */

/* Begin XCBuildConfiguration section */
		A1E605D41F16119B0068F15D /* Debug */ = {
			isa = XCBuildConfiguration;
			buildSettings = {
				ALWAYS_SEARCH_USER_PATHS = NO;
				CLANG_ANALYZER_NONNULL = YES;
				CLANG_ANALYZER_NUMBER_OBJECT_CONVERSION = YES_AGGRESSIVE;
				CLANG_CXX_LANGUAGE_STANDARD = "gnu++0x";
				CLANG_CXX_LIBRARY = "libc++";
				CLANG_ENABLE_MODULES = YES;
				CLANG_ENABLE_OBJC_ARC = YES;
				CLANG_WARN_BOOL_CONVERSION = YES;
				CLANG_WARN_CONSTANT_CONVERSION = YES;
				CLANG_WARN_DIRECT_OBJC_ISA_USAGE = YES_ERROR;
				CLANG_WARN_DOCUMENTATION_COMMENTS = YES;
				CLANG_WARN_EMPTY_BODY = YES;
				CLANG_WARN_ENUM_CONVERSION = YES;
				CLANG_WARN_INFINITE_RECURSION = YES;
				CLANG_WARN_INT_CONVERSION = YES;
				CLANG_WARN_OBJC_ROOT_CLASS = YES_ERROR;
				CLANG_WARN_SUSPICIOUS_MOVE = YES;
				CLANG_WARN_UNREACHABLE_CODE = YES;
				CLANG_WARN__DUPLICATE_METHOD_MATCH = YES;
				"CODE_SIGN_IDENTITY[sdk=iphoneos*]" = "iPhone Developer";
				COPY_PHASE_STRIP = NO;
				DEBUG_INFORMATION_FORMAT = dwarf;
				ENABLE_STRICT_OBJC_MSGSEND = YES;
				ENABLE_TESTABILITY = YES;
				GCC_C_LANGUAGE_STANDARD = gnu99;
				GCC_DYNAMIC_NO_PIC = NO;
				GCC_NO_COMMON_BLOCKS = YES;
				GCC_OPTIMIZATION_LEVEL = 0;
				GCC_PREPROCESSOR_DEFINITIONS = (
					"DEBUG=1",
					"$(inherited)",
				);
				GCC_WARN_64_TO_32_BIT_CONVERSION = YES;
				GCC_WARN_ABOUT_RETURN_TYPE = YES_ERROR;
				GCC_WARN_UNDECLARED_SELECTOR = YES;
				GCC_WARN_UNINITIALIZED_AUTOS = YES_AGGRESSIVE;
				GCC_WARN_UNUSED_FUNCTION = YES;
				GCC_WARN_UNUSED_VARIABLE = YES;
				IPHONEOS_DEPLOYMENT_TARGET = 10.3;
				MTL_ENABLE_DEBUG_INFO = YES;
				ONLY_ACTIVE_ARCH = YES;
				SDKROOT = iphoneos;
				SWIFT_ACTIVE_COMPILATION_CONDITIONS = DEBUG;
				SWIFT_OPTIMIZATION_LEVEL = "-Onone";
				TARGETED_DEVICE_FAMILY = "1,2";
			};
			name = Debug;
		};
		A1E605D51F16119B0068F15D /* Release */ = {
			isa = XCBuildConfiguration;
			buildSettings = {
				ALWAYS_SEARCH_USER_PATHS = NO;
				CLANG_ANALYZER_NONNULL = YES;
				CLANG_ANALYZER_NUMBER_OBJECT_CONVERSION = YES_AGGRESSIVE;
				CLANG_CXX_LANGUAGE_STANDARD = "gnu++0x";
				CLANG_CXX_LIBRARY = "libc++";
				CLANG_ENABLE_MODULES = YES;
				CLANG_ENABLE_OBJC_ARC = YES;
				CLANG_WARN_BOOL_CONVERSION = YES;
				CLANG_WARN_CONSTANT_CONVERSION = YES;
				CLANG_WARN_DIRECT_OBJC_ISA_USAGE = YES_ERROR;
				CLANG_WARN_DOCUMENTATION_COMMENTS = YES;
				CLANG_WARN_EMPTY_BODY = YES;
				CLANG_WARN_ENUM_CONVERSION = YES;
				CLANG_WARN_INFINITE_RECURSION = YES;
				CLANG_WARN_INT_CONVERSION = YES;
				CLANG_WARN_OBJC_ROOT_CLASS = YES_ERROR;
				CLANG_WARN_SUSPICIOUS_MOVE = YES;
				CLANG_WARN_UNREACHABLE_CODE = YES;
				CLANG_WARN__DUPLICATE_METHOD_MATCH = YES;
				"CODE_SIGN_IDENTITY[sdk=iphoneos*]" = "iPhone Developer";
				COPY_PHASE_STRIP = NO;
				DEBUG_INFORMATION_FORMAT = "dwarf-with-dsym";
				ENABLE_NS_ASSERTIONS = NO;
				ENABLE_STRICT_OBJC_MSGSEND = YES;
				GCC_C_LANGUAGE_STANDARD = gnu99;
				GCC_NO_COMMON_BLOCKS = YES;
				GCC_WARN_64_TO_32_BIT_CONVERSION = YES;
				GCC_WARN_ABOUT_RETURN_TYPE = YES_ERROR;
				GCC_WARN_UNDECLARED_SELECTOR = YES;
				GCC_WARN_UNINITIALIZED_AUTOS = YES_AGGRESSIVE;
				GCC_WARN_UNUSED_FUNCTION = YES;
				GCC_WARN_UNUSED_VARIABLE = YES;
				IPHONEOS_DEPLOYMENT_TARGET = 10.3;
				MTL_ENABLE_DEBUG_INFO = NO;
				SDKROOT = iphoneos;
				SWIFT_OPTIMIZATION_LEVEL = "-Owholemodule";
				TARGETED_DEVICE_FAMILY = "1,2";
				VALIDATE_PRODUCT = YES;
			};
			name = Release;
		};
		A1E605D71F16119B0068F15D /* Debug */ = {
			isa = XCBuildConfiguration;
			buildSettings = {
				ASSETCATALOG_COMPILER_APPICON_NAME = AppIcon;
				DEVELOPMENT_TEAM = Q3MD326N5P;
				INFOPLIST_FILE = "podex-2/Info.plist";
				LD_RUNPATH_SEARCH_PATHS = "$(inherited) @executable_path/Frameworks";
				PRODUCT_BUNDLE_IDENTIFIER = "com.vivinte.podex-2";
				PRODUCT_NAME = "$(TARGET_NAME)";
				SWIFT_VERSION = 3.0;
			};
			name = Debug;
		};
		A1E605D81F16119B0068F15D /* Release */ = {
			isa = XCBuildConfiguration;
			buildSettings = {
				ASSETCATALOG_COMPILER_APPICON_NAME = AppIcon;
				DEVELOPMENT_TEAM = Q3MD326N5P;
				INFOPLIST_FILE = "podex-2/Info.plist";
				LD_RUNPATH_SEARCH_PATHS = "$(inherited) @executable_path/Frameworks";
				PRODUCT_BUNDLE_IDENTIFIER = "com.vivinte.podex-2";
				PRODUCT_NAME = "$(TARGET_NAME)";
				SWIFT_VERSION = 3.0;
			};
			name = Release;
		};
/* End XCBuildConfiguration section */

/* Begin XCConfigurationList section */
		A1E605BF1F16119B0068F15D /* Build configuration list for PBXProject "podex-2" */ = {
			isa = XCConfigurationList;
			buildConfigurations = (
				A1E605D41F16119B0068F15D /* Debug */,
				A1E605D51F16119B0068F15D /* Release */,
			);
			defaultConfigurationIsVisible = 0;
			defaultConfigurationName = Release;
		};
		A1E605D61F16119B0068F15D /* Build configuration list for PBXNativeTarget "podex-2" */ = {
			isa = XCConfigurationList;
			buildConfigurations = (
				A1E605D71F16119B0068F15D /* Debug */,
				A1E605D81F16119B0068F15D /* Release */,
			);
			defaultConfigurationIsVisible = 0;
		};
/* End XCConfigurationList section */
	};
	rootObject = A1E605BC1F16119B0068F15D /* Project object */;
}
